
Microsoft Visual Studio Solution File, Format Version 12.00
# Visual Studio Version 17
VisualStudioVersion = 17.1.32210.238
MinimumVisualStudioVersion = 10.0.40219.1
Project("{FAE04EC0-301F-11D3-BF4B-00C04F79EFBC}") = "SACodeCampExercise", "SACodeCampExercise.csproj", "{7A7638E1-4F52-4786-8EEA-0AA36B8C0399}"
EndProject
Global
	GlobalSection(SolutionConfigurationPlatforms) = preSolution
		Debug|Any CPU = Debug|Any CPU
		Release|Any CPU = Release|Any CPU
	EndGlobalSection
	GlobalSection(ProjectConfigurationPlatforms) = postSolution
		{7A7638E1-4F52-4786-8EEA-0AA36B8C0399}.Debug|Any CPU.ActiveCfg = Debug|Any CPU
		{7A7638E1-4F52-4786-8EEA-0AA36B8C0399}.Debug|Any CPU.Build.0 = Debug|Any CPU
		{7A7638E1-4F52-4786-8EEA-0AA36B8C0399}.Release|Any CPU.ActiveCfg = Release|Any CPU
		{7A7638E1-4F52-4786-8EEA-0AA36B8C0399}.Release|Any CPU.Build.0 = Release|Any CPU
	EndGlobalSection
	GlobalSection(SolutionProperties) = preSolution
		HideSolutionNode = FALSE
	EndGlobalSection
	GlobalSection(ExtensibilityGlobals) = postSolution
		SolutionGuid = {4BE9FB5B-D72B-4645-AB66-D268EC5BB21E}
	EndGlobalSection
EndGlobal
